// !$*UTF8*$!
{
	archiveVersion = 1;
	classes = {
	};
	objectVersion = 48;
	objects = {

/* Begin PBXBuildFile section */
		F2A5328720347DBF00638AFF /* AppDelegate.swift in Sources */ = {isa = PBXBuildFile; fileRef = F2A5328620347DBF00638AFF /* AppDelegate.swift */; };
		F2A5328920347DBF00638AFF /* ViewController.swift in Sources */ = {isa = PBXBuildFile; fileRef = F2A5328820347DBF00638AFF /* ViewController.swift */; };
		F2A5328C20347DBF00638AFF /* Main.storyboard in Resources */ = {isa = PBXBuildFile; fileRef = F2A5328A20347DBF00638AFF /* Main.storyboard */; };
		F2A5328E20347DBF00638AFF /* Assets.xcassets in Resources */ = {isa = PBXBuildFile; fileRef = F2A5328D20347DBF00638AFF /* Assets.xcassets */; };
		F2A5329120347DBF00638AFF /* LaunchScreen.storyboard in Resources */ = {isa = PBXBuildFile; fileRef = F2A5328F20347DBF00638AFF /* LaunchScreen.storyboard */; };
		F2A5329B2034814D00638AFF /* RxCocoa.framework in Frameworks */ = {isa = PBXBuildFile; fileRef = F2A532992034814D00638AFF /* RxCocoa.framework */; };
		F2A5329C2034814D00638AFF /* RxSwift.framework in Frameworks */ = {isa = PBXBuildFile; fileRef = F2A5329A2034814D00638AFF /* RxSwift.framework */; };
		F2A532A5203499DB00638AFF /* CustomButtonView.xib in Resources */ = {isa = PBXBuildFile; fileRef = F2A532A4203499DB00638AFF /* CustomButtonView.xib */; };
		F2A532A720349BA700638AFF /* CustomButtonView.swift in Sources */ = {isa = PBXBuildFile; fileRef = F2A532A620349BA700638AFF /* CustomButtonView.swift */; };
/* End PBXBuildFile section */

/* Begin PBXFileReference section */
		F2A5328320347DBF00638AFF /* NavigationBarTest.app */ = {isa = PBXFileReference; explicitFileType = wrapper.application; includeInIndex = 0; path = NavigationBarTest.app; sourceTree = BUILT_PRODUCTS_DIR; };
		F2A5328620347DBF00638AFF /* AppDelegate.swift */ = {isa = PBXFileReference; lastKnownFileType = sourcecode.swift; path = AppDelegate.swift; sourceTree = "<group>"; };
		F2A5328820347DBF00638AFF /* ViewController.swift */ = {isa = PBXFileReference; lastKnownFileType = sourcecode.swift; path = ViewController.swift; sourceTree = "<group>"; };
		F2A5328B20347DBF00638AFF /* Base */ = {isa = PBXFileReference; lastKnownFileType = file.storyboard; name = Base; path = Base.lproj/Main.storyboard; sourceTree = "<group>"; };
		F2A5328D20347DBF00638AFF /* Assets.xcassets */ = {isa = PBXFileReference; lastKnownFileType = folder.assetcatalog; path = Assets.xcassets; sourceTree = "<group>"; };
		F2A5329020347DBF00638AFF /* Base */ = {isa = PBXFileReference; lastKnownFileType = file.storyboard; name = Base; path = Base.lproj/LaunchScreen.storyboard; sourceTree = "<group>"; };
		F2A5329220347DBF00638AFF /* Info.plist */ = {isa = PBXFileReference; lastKnownFileType = text.plist.xml; path = Info.plist; sourceTree = "<group>"; };
		F2A532992034814D00638AFF /* RxCocoa.framework */ = {isa = PBXFileReference; lastKnownFileType = wrapper.framework; name = RxCocoa.framework; path = Carthage/Build/iOS/RxCocoa.framework; sourceTree = "<group>"; };
		F2A5329A2034814D00638AFF /* RxSwift.framework */ = {isa = PBXFileReference; lastKnownFileType = wrapper.framework; name = RxSwift.framework; path = Carthage/Build/iOS/RxSwift.framework; sourceTree = "<group>"; };
		F2A532A4203499DB00638AFF /* CustomButtonView.xib */ = {isa = PBXFileReference; lastKnownFileType = file.xib; path = CustomButtonView.xib; sourceTree = "<group>"; };
		F2A532A620349BA700638AFF /* CustomButtonView.swift */ = {isa = PBXFileReference; lastKnownFileType = sourcecode.swift; path = CustomButtonView.swift; sourceTree = "<group>"; };
/* End PBXFileReference section */

/* Begin PBXFrameworksBuildPhase section */
		F2A5328020347DBF00638AFF /* Frameworks */ = {
			isa = PBXFrameworksBuildPhase;
			buildActionMask = 2147483647;
			files = (
				F2A5329B2034814D00638AFF /* RxCocoa.framework in Frameworks */,
				F2A5329C2034814D00638AFF /* RxSwift.framework in Frameworks */,
			);
			runOnlyForDeploymentPostprocessing = 0;
		};
/* End PBXFrameworksBuildPhase section */

/* Begin PBXGroup section */
		F2A5327A20347DBF00638AFF = {
			isa = PBXGroup;
			children = (
				F2A532A4203499DB00638AFF /* CustomButtonView.xib */,
				F2A532A620349BA700638AFF /* CustomButtonView.swift */,
				F2A5328520347DBF00638AFF /* NavigationBarTest */,
				F2A5328420347DBF00638AFF /* Products */,
				F2A532982034814D00638AFF /* Frameworks */,
			);
			sourceTree = "<group>";
		};
		F2A5328420347DBF00638AFF /* Products */ = {
			isa = PBXGroup;
			children = (
				F2A5328320347DBF00638AFF /* NavigationBarTest.app */,
			);
			name = Products;
			sourceTree = "<group>";
		};
		F2A5328520347DBF00638AFF /* NavigationBarTest */ = {
			isa = PBXGroup;
			children = (
				F2A5328620347DBF00638AFF /* AppDelegate.swift */,
				F2A5328820347DBF00638AFF /* ViewController.swift */,
				F2A5328A20347DBF00638AFF /* Main.storyboard */,
				F2A5328D20347DBF00638AFF /* Assets.xcassets */,
				F2A5328F20347DBF00638AFF /* LaunchScreen.storyboard */,
				F2A5329220347DBF00638AFF /* Info.plist */,
			);
			path = NavigationBarTest;
			sourceTree = "<group>";
		};
		F2A532982034814D00638AFF /* Frameworks */ = {
			isa = PBXGroup;
			children = (
				F2A532992034814D00638AFF /* RxCocoa.framework */,
				F2A5329A2034814D00638AFF /* RxSwift.framework */,
			);
			name = Frameworks;
			sourceTree = "<group>";
		};
/* End PBXGroup section */

/* Begin PBXNativeTarget section */
		F2A5328220347DBF00638AFF /* NavigationBarTest */ = {
			isa = PBXNativeTarget;
			buildConfigurationList = F2A5329520347DBF00638AFF /* Build configuration list for PBXNativeTarget "NavigationBarTest" */;
			buildPhases = (
				F2A5327F20347DBF00638AFF /* Sources */,
				F2A5328020347DBF00638AFF /* Frameworks */,
				F2A5328120347DBF00638AFF /* Resources */,
				F2A5329D2034818200638AFF /* ShellScript */,
			);
			buildRules = (
			);
			dependencies = (
			);
			name = NavigationBarTest;
			productName = NavigationBarTest;
			productReference = F2A5328320347DBF00638AFF /* NavigationBarTest.app */;
			productType = "com.apple.product-type.application";
		};
/* End PBXNativeTarget section */

/* Begin PBXProject section */
		F2A5327B20347DBF00638AFF /* Project object */ = {
			isa = PBXProject;
			attributes = {
				LastSwiftUpdateCheck = 0920;
				LastUpgradeCheck = 0920;
				ORGANIZATIONNAME = sena.kanda;
				TargetAttributes = {
					F2A5328220347DBF00638AFF = {
						CreatedOnToolsVersion = 9.2;
						ProvisioningStyle = Automatic;
					};
				};
			};
			buildConfigurationList = F2A5327E20347DBF00638AFF /* Build configuration list for PBXProject "NavigationBarTest" */;
			compatibilityVersion = "Xcode 8.0";
			developmentRegion = en;
			hasScannedForEncodings = 0;
			knownRegions = (
				en,
				Base,
			);
			mainGroup = F2A5327A20347DBF00638AFF;
			productRefGroup = F2A5328420347DBF00638AFF /* Products */;
			projectDirPath = "";
			projectRoot = "";
			targets = (
				F2A5328220347DBF00638AFF /* NavigationBarTest */,
			);
		};
/* End PBXProject section */

/* Begin PBXResourcesBuildPhase section */
		F2A5328120347DBF00638AFF /* Resources */ = {
			isa = PBXResourcesBuildPhase;
			buildActionMask = 2147483647;
			files = (
				F2A5329120347DBF00638AFF /* LaunchScreen.storyboard in Resources */,
				F2A5328E20347DBF00638AFF /* Assets.xcassets in Resources */,
				F2A5328C20347DBF00638AFF /* Main.storyboard in Resources */,
				F2A532A5203499DB00638AFF /* CustomButtonView.xib in Resources */,
			);
			runOnlyForDeploymentPostprocessing = 0;
		};
/* End PBXResourcesBuildPhase section */

/* Begin PBXShellScriptBuildPhase section */
		F2A5329D2034818200638AFF /* ShellScript */ = {
			isa = PBXShellScriptBuildPhase;
			buildActionMask = 2147483647;
			files = (
			);
			inputPaths = (
				"$(SRCROOT)/Carthage/Build/iOS/RxSwift.framework",
				"$(SRCROOT)/Carthage/Build/iOS/RxCocoa.framework",
			);
			outputPaths = (
			);
			runOnlyForDeploymentPostprocessing = 0;
			shellPath = /bin/sh;
			shellScript = "/usr/local/bin/carthage copy-frameworks";
		};
/* End PBXShellScriptBuildPhase section */

/* Begin PBXSourcesBuildPhase section */
		F2A5327F20347DBF00638AFF /* Sources */ = {
			isa = PBXSourcesBuildPhase;
			buildActionMask = 2147483647;
			files = (
				F2A532A720349BA700638AFF /* CustomButtonView.swift in Sources */,
				F2A5328920347DBF00638AFF /* ViewController.swift in Sources */,
				F2A5328720347DBF00638AFF /* AppDelegate.swift in Sources */,
			);
			runOnlyForDeploymentPostprocessing = 0;
		};
/* End PBXSourcesBuildPhase section */

/* Begin PBXVariantGroup section */
		F2A5328A20347DBF00638AFF /* Main.storyboard */ = {
			isa = PBXVariantGroup;
			children = (
				F2A5328B20347DBF00638AFF /* Base */,
			);
			name = Main.storyboard;
			sourceTree = "<group>";
		};
		F2A5328F20347DBF00638AFF /* LaunchScreen.storyboard */ = {
			isa = PBXVariantGroup;
			children = (
				F2A5329020347DBF00638AFF /* Base */,
			);
			name = LaunchScreen.storyboard;
			sourceTree = "<group>";
		};
/* End PBXVariantGroup section */

/* Begin XCBuildConfiguration section */
		F2A5329320347DBF00638AFF /* Debug */ = {
			isa = XCBuildConfiguration;
			buildSettings = {
				ALWAYS_SEARCH_USER_PATHS = NO;
				CLANG_ANALYZER_NONNULL = YES;
				CLANG_ANALYZER_NUMBER_OBJECT_CONVERSION = YES_AGGRESSIVE;
				CLANG_CXX_LANGUAGE_STANDARD = "gnu++14";
				CLANG_CXX_LIBRARY = "libc++";
				CLANG_ENABLE_MODULES = YES;
				CLANG_ENABLE_OBJC_ARC = YES;
				CLANG_WARN_BLOCK_CAPTURE_AUTORELEASING = YES;
				CLANG_WARN_BOOL_CONVERSION = YES;
				CLANG_WARN_COMMA = YES;
				CLANG_WARN_CONSTANT_CONVERSION = YES;
				CLANG_WARN_DIRECT_OBJC_ISA_USAGE = YES_ERROR;
				CLANG_WARN_DOCUMENTATION_COMMENTS = YES;
				CLANG_WARN_EMPTY_BODY = YES;
				CLANG_WARN_ENUM_CONVERSION = YES;
				CLANG_WARN_INFINITE_RECURSION = YES;
				CLANG_WARN_INT_CONVERSION = YES;
				CLANG_WARN_NON_LITERAL_NULL_CONVERSION = YES;
				CLANG_WARN_OBJC_LITERAL_CONVERSION = YES;
				CLANG_WARN_OBJC_ROOT_CLASS = YES_ERROR;
				CLANG_WARN_RANGE_LOOP_ANALYSIS = YES;
				CLANG_WARN_STRICT_PROTOTYPES = YES;
				CLANG_WARN_SUSPICIOUS_MOVE = YES;
				CLANG_WARN_UNGUARDED_AVAILABILITY = YES_AGGRESSIVE;
				CLANG_WARN_UNREACHABLE_CODE = YES;
				CLANG_WARN__DUPLICATE_METHOD_MATCH = YES;
				CODE_SIGN_IDENTITY = "iPhone Developer";
				COPY_PHASE_STRIP = NO;
				DEBUG_INFORMATION_FORMAT = dwarf;
				ENABLE_STRICT_OBJC_MSGSEND = YES;
				ENABLE_TESTABILITY = YES;
				GCC_C_LANGUAGE_STANDARD = gnu11;
				GCC_DYNAMIC_NO_PIC = NO;
				GCC_NO_COMMON_BLOCKS = YES;
				GCC_OPTIMIZATION_LEVEL = 0;
				GCC_PREPROCESSOR_DEFINITIONS = (
					"DEBUG=1",
					"$(inherited)",
				);
				GCC_WARN_64_TO_32_BIT_CONVERSION = YES;
				GCC_WARN_ABOUT_RETURN_TYPE = YES_ERROR;
				GCC_WARN_UNDECLARED_SELECTOR = YES;
				GCC_WARN_UNINITIALIZED_AUTOS = YES_AGGRESSIVE;
				GCC_WARN_UNUSED_FUNCTION = YES;
				GCC_WARN_UNUSED_VARIABLE = YES;
				IPHONEOS_DEPLOYMENT_TARGET = 10.0;
				MTL_ENABLE_DEBUG_INFO = YES;
				ONLY_ACTIVE_ARCH = YES;
				SDKROOT = iphoneos;
				SWIFT_ACTIVE_COMPILATION_CONDITIONS = DEBUG;
				SWIFT_OPTIMIZATION_LEVEL = "-Onone";
			};
			name = Debug;
		};
		F2A5329420347DBF00638AFF /* Release */ = {
			isa = XCBuildConfiguration;
			buildSettings = {
				ALWAYS_SEARCH_USER_PATHS = NO;
				CLANG_ANALYZER_NONNULL = YES;
				CLANG_ANALYZER_NUMBER_OBJECT_CONVERSION = YES_AGGRESSIVE;
				CLANG_CXX_LANGUAGE_STANDARD = "gnu++14";
				CLANG_CXX_LIBRARY = "libc++";
				CLANG_ENABLE_MODULES = YES;
				CLANG_ENABLE_OBJC_ARC = YES;
				CLANG_WARN_BLOCK_CAPTURE_AUTORELEASING = YES;
				CLANG_WARN_BOOL_CONVERSION = YES;
				CLANG_WARN_COMMA = YES;
				CLANG_WARN_CONSTANT_CONVERSION = YES;
				CLANG_WARN_DIRECT_OBJC_ISA_USAGE = YES_ERROR;
				CLANG_WARN_DOCUMENTATION_COMMENTS = YES;
				CLANG_WARN_EMPTY_BODY = YES;
				CLANG_WARN_ENUM_CONVERSION = YES;
				CLANG_WARN_INFINITE_RECURSION = YES;
				CLANG_WARN_INT_CONVERSION = YES;
				CLANG_WARN_NON_LITERAL_NULL_CONVERSION = YES;
				CLANG_WARN_OBJC_LITERAL_CONVERSION = YES;
				CLANG_WARN_OBJC_ROOT_CLASS = YES_ERROR;
				CLANG_WARN_RANGE_LOOP_ANALYSIS = YES;
				CLANG_WARN_STRICT_PROTOTYPES = YES;
				CLANG_WARN_SUSPICIOUS_MOVE = YES;
				CLANG_WARN_UNGUARDED_AVAILABILITY = YES_AGGRESSIVE;
				CLANG_WARN_UNREACHABLE_CODE = YES;
				CLANG_WARN__DUPLICATE_METHOD_MATCH = YES;
				CODE_SIGN_IDENTITY = "iPhone Developer";
				COPY_PHASE_STRIP = NO;
				DEBUG_INFORMATION_FORMAT = "dwarf-with-dsym";
				ENABLE_NS_ASSERTIONS = NO;
				ENABLE_STRICT_OBJC_MSGSEND = YES;
				GCC_C_LANGUAGE_STANDARD = gnu11;
				GCC_NO_COMMON_BLOCKS = YES;
				GCC_WARN_64_TO_32_BIT_CONVERSION = YES;
				GCC_WARN_ABOUT_RETURN_TYPE = YES_ERROR;
				GCC_WARN_UNDECLARED_SELECTOR = YES;
				GCC_WARN_UNINITIALIZED_AUTOS = YES_AGGRESSIVE;
				GCC_WARN_UNUSED_FUNCTION = YES;
				GCC_WARN_UNUSED_VARIABLE = YES;
				IPHONEOS_DEPLOYMENT_TARGET = 10.0;
				MTL_ENABLE_DEBUG_INFO = NO;
				SDKROOT = iphoneos;
				SWIFT_OPTIMIZATION_LEVEL = "-Owholemodule";
				VALIDATE_PRODUCT = YES;
			};
			name = Release;
		};
		F2A5329620347DBF00638AFF /* Debug */ = {
			isa = XCBuildConfiguration;
			buildSettings = {
				ASSETCATALOG_COMPILER_APPICON_NAME = AppIcon;
				CODE_SIGN_STYLE = Automatic;
				DEVELOPMENT_TEAM = W3GN4JB29B;
				FRAMEWORK_SEARCH_PATHS = (
					"$(inherited)",
					"$(PROJECT_DIR)/Carthage/Build/iOS",
				);
				INFOPLIST_FILE = NavigationBarTest/Info.plist;
				LD_RUNPATH_SEARCH_PATHS = "$(inherited) @executable_path/Frameworks";
				PRODUCT_BUNDLE_IDENTIFIER = com.senakanda.NavigationBarTest;
				PRODUCT_NAME = "$(TARGET_NAME)";
				SWIFT_VERSION = 4.0;
				TARGETED_DEVICE_FAMILY = "1,2";
			};
			name = Debug;
		};
		F2A5329720347DBF00638AFF /* Release */ = {
			isa = XCBuildConfiguration;
			buildSettings = {
				ASSETCATALOG_COMPILER_APPICON_NAME = AppIcon;
				CODE_SIGN_STYLE = Automatic;
				DEVELOPMENT_TEAM = W3GN4JB29B;
				FRAMEWORK_SEARCH_PATHS = (
					"$(inherited)",
					"$(PROJECT_DIR)/Carthage/Build/iOS",
				);
				INFOPLIST_FILE = NavigationBarTest/Info.plist;
				LD_RUNPATH_SEARCH_PATHS = "$(inherited) @executable_path/Frameworks";
				PRODUCT_BUNDLE_IDENTIFIER = com.senakanda.NavigationBarTest;
				PRODUCT_NAME = "$(TARGET_NAME)";
				SWIFT_VERSION = 4.0;
				TARGETED_DEVICE_FAMILY = "1,2";
			};
			name = Release;
		};
/* End XCBuildConfiguration section */

/* Begin XCConfigurationList section */
		F2A5327E20347DBF00638AFF /* Build configuration list for PBXProject "NavigationBarTest" */ = {
			isa = XCConfigurationList;
			buildConfigurations = (
				F2A5329320347DBF00638AFF /* Debug */,
				F2A5329420347DBF00638AFF /* Release */,
			);
			defaultConfigurationIsVisible = 0;
			defaultConfigurationName = Release;
		};
		F2A5329520347DBF00638AFF /* Build configuration list for PBXNativeTarget "NavigationBarTest" */ = {
			isa = XCConfigurationList;
			buildConfigurations = (
				F2A5329620347DBF00638AFF /* Debug */,
				F2A5329720347DBF00638AFF /* Release */,
			);
			defaultConfigurationIsVisible = 0;
			defaultConfigurationName = Release;
		};
/* End XCConfigurationList section */
	};
	rootObject = F2A5327B20347DBF00638AFF /* Project object */;
}
